
Microsoft Visual Studio Solution File, Format Version 12.00
Project("{FAE04EC0-301F-11D3-BF4B-00C04F79EFBC}") = "Ciara", "Ciara\Ciara.csproj", "{0A5FDFBF-A830-4FF5-98FF-D90582688C0C}"
EndProject
Project("{FAE04EC0-301F-11D3-BF4B-00C04F79EFBC}") = "Dashboard", "Dashboard\Dashboard.csproj", "{5E21E7D3-0935-413B-BB13-4A951C130AE0}"
EndProject
Project("{FAE04EC0-301F-11D3-BF4B-00C04F79EFBC}") = "Ciara.Shared", "Ciara.Shared\Ciara.Shared.csproj", "{4FFEE6DF-997C-42AB-9C0D-FAA8072E27EA}"
EndProject
Project("{FAE04EC0-301F-11D3-BF4B-00C04F79EFBC}") = "WaxMenu", "WaxMenu\WaxMenu.csproj", "{59734909-E5D6-4FF3-8EAF-34A317ED2A79}"
EndProject
Global
	GlobalSection(SolutionConfigurationPlatforms) = preSolution
		Debug|Any CPU = Debug|Any CPU
		Release|Any CPU = Release|Any CPU
	EndGlobalSection
	GlobalSection(ProjectConfigurationPlatforms) = postSolution
		{0A5FDFBF-A830-4FF5-98FF-D90582688C0C}.Debug|Any CPU.ActiveCfg = Debug|Any CPU
		{0A5FDFBF-A830-4FF5-98FF-D90582688C0C}.Debug|Any CPU.Build.0 = Debug|Any CPU
		{0A5FDFBF-A830-4FF5-98FF-D90582688C0C}.Release|Any CPU.ActiveCfg = Release|Any CPU
		{0A5FDFBF-A830-4FF5-98FF-D90582688C0C}.Release|Any CPU.Build.0 = Release|Any CPU
		{5E21E7D3-0935-413B-BB13-4A951C130AE0}.Debug|Any CPU.ActiveCfg = Debug|Any CPU
		{5E21E7D3-0935-413B-BB13-4A951C130AE0}.Debug|Any CPU.Build.0 = Debug|Any CPU
		{5E21E7D3-0935-413B-BB13-4A951C130AE0}.Release|Any CPU.ActiveCfg = Release|Any CPU
		{5E21E7D3-0935-413B-BB13-4A951C130AE0}.Release|Any CPU.Build.0 = Release|Any CPU
		{4FFEE6DF-997C-42AB-9C0D-FAA8072E27EA}.Debug|Any CPU.ActiveCfg = Debug|Any CPU
		{4FFEE6DF-997C-42AB-9C0D-FAA8072E27EA}.Debug|Any CPU.Build.0 = Debug|Any CPU
		{4FFEE6DF-997C-42AB-9C0D-FAA8072E27EA}.Release|Any CPU.ActiveCfg = Release|Any CPU
		{4FFEE6DF-997C-42AB-9C0D-FAA8072E27EA}.Release|Any CPU.Build.0 = Release|Any CPU
		{59734909-E5D6-4FF3-8EAF-34A317ED2A79}.Debug|Any CPU.ActiveCfg = Debug|Any CPU
		{59734909-E5D6-4FF3-8EAF-34A317ED2A79}.Debug|Any CPU.Build.0 = Debug|Any CPU
		{59734909-E5D6-4FF3-8EAF-34A317ED2A79}.Release|Any CPU.ActiveCfg = Release|Any CPU
		{59734909-E5D6-4FF3-8EAF-34A317ED2A79}.Release|Any CPU.Build.0 = Release|Any CPU
	EndGlobalSection
EndGlobal
